# This file is automatically @generated by Poetry and should not be changed by hand.

[[package]]
name = "appnope"
version = "0.1.2"
description = "Disable App Nap on macOS >= 10.9"
category = "dev"
optional = false
python-versions = "*"
files = [
    {file = "appnope-0.1.2-py2.py3-none-any.whl", hash = "sha256:93aa393e9d6c54c5cd570ccadd8edad61ea0c4b9ea7a01409020c9aa019eb442"},
    {file = "appnope-0.1.2.tar.gz", hash = "sha256:dd83cd4b5b460958838f6eb3000c660b1f9caf2a5b1de4264e941512f603258a"},
]

[[package]]
name = "asttokens"
version = "2.2.1"
description = "Annotate AST trees with source code positions"
category = "dev"
optional = false
python-versions = "*"
files = [
    {file = "asttokens-2.2.1-py2.py3-none-any.whl", hash = "sha256:6b0ac9e93fb0335014d382b8fa9b3afa7df546984258005da0b9e7095b3deb1c"},
    {file = "asttokens-2.2.1.tar.gz", hash = "sha256:4622110b2a6f30b77e1473affaa97e711bc2f07d3f10848420ff1898edbe94f3"},
]

[package.dependencies]
six = "*"

[package.extras]
test = ["astroid", "pytest"]

[[package]]
name = "backcall"
version = "0.2.0"
description = "Specifications for callback functions passed in to an API"
category = "dev"
optional = false
python-versions = "*"
files = [
    {file = "backcall-0.2.0-py2.py3-none-any.whl", hash = "sha256:fbbce6a29f263178a1f7915c1940bde0ec2b2a967566fe1c65c1dfb7422bd255"},
    {file = "backcall-0.2.0.tar.gz", hash = "sha256:5cbdbf27be5e7cfadb448baf0aa95508f91f2bbc6c6437cd9cd06e2a4c215e1e"},
]

[[package]]
name = "certifi"
version = "2021.5.30"
description = "Python package for providing Mozilla's CA Bundle."
category = "main"
optional = false
python-versions = "*"
files = [
    {file = "certifi-2021.5.30-py2.py3-none-any.whl", hash = "sha256:50b1e4f8446b06f41be7dd6338db18e0990601dce795c2b1686458aa7e8fa7d8"},
    {file = "certifi-2021.5.30.tar.gz", hash = "sha256:2bbf76fd432960138b3ef6dda3dde0544f27cbf8546c458e60baf371917ba9ee"},
]

[[package]]
name = "chardet"
version = "3.0.4"
description = "Universal encoding detector for Python 2 and 3"
category = "main"
optional = false
python-versions = "*"
files = [
    {file = "chardet-3.0.4-py2.py3-none-any.whl", hash = "sha256:fc323ffcaeaed0e0a02bf4d117757b98aed530d9ed4531e3e15460124c106691"},
    {file = "chardet-3.0.4.tar.gz", hash = "sha256:84ab92ed1c4d4f16916e05906b6b75a6c0fb5db821cc65e70cbd64a3e2a5eaae"},
]

[[package]]
name = "charset-normalizer"
version = "2.0.3"
description = "The Real First Universal Charset Detector. Open, modern and actively maintained alternative to Chardet."
category = "main"
optional = false
python-versions = ">=3.5.0"
files = [
    {file = "charset-normalizer-2.0.3.tar.gz", hash = "sha256:c46c3ace2d744cfbdebceaa3c19ae691f53ae621b39fd7570f59d14fb7f2fd12"},
    {file = "charset_normalizer-2.0.3-py3-none-any.whl", hash = "sha256:88fce3fa5b1a84fdcb3f603d889f723d1dd89b26059d0123ca435570e848d5e1"},
]

[package.extras]
unicode-backport = ["unicodedata2"]

[[package]]
name = "chirptext"
version = "0.1.2"
description = "A minimalist collection of text processing tools for Python 3"
category = "main"
optional = false
python-versions = ">=3.5"
files = [
    {file = "chirptext-0.1.2.tar.gz", hash = "sha256:643c9c11508f509b37257e3f3a629a668c0908ae5f582d7b9f131234a7379303"},
]

[[package]]
name = "colorama"
version = "0.4.4"
description = "Cross-platform colored terminal text."
category = "dev"
optional = false
python-versions = ">=2.7, !=3.0.*, !=3.1.*, !=3.2.*, !=3.3.*, !=3.4.*"
files = [
    {file = "colorama-0.4.4-py2.py3-none-any.whl", hash = "sha256:9f47eda37229f68eee03b24b9748937c7dc3868f906e8ba69fbcbdd3bc5dc3e2"},
    {file = "colorama-0.4.4.tar.gz", hash = "sha256:5941b2b48a20143d2267e95b1c2a7603ce057ee39fd88e7329b0c292aa16869b"},
]

[[package]]
name = "cython"
version = "0.29.24"
description = "The Cython compiler for writing C extensions for the Python language."
category = "main"
optional = false
python-versions = ">=2.6, !=3.0.*, !=3.1.*, !=3.2.*"
files = [
    {file = "Cython-0.29.24-cp27-cp27m-macosx_10_9_x86_64.whl", hash = "sha256:6a2cf2ccccc25413864928dfd730c29db6f63eaf98206c1e600003a445ca7f58"},
    {file = "Cython-0.29.24-cp27-cp27m-manylinux1_i686.whl", hash = "sha256:b28f92e617f540d3f21f8fd479a9c6491be920ffff672a4c61b7fc4d7f749f39"},
    {file = "Cython-0.29.24-cp27-cp27m-manylinux1_x86_64.whl", hash = "sha256:37bcfa5df2a3009f49624695d917c3804fccbdfcdc5eda6378754a879711a4d5"},
    {file = "Cython-0.29.24-cp27-cp27m-win32.whl", hash = "sha256:9164aeef1af6f837e4fc20402a31d256188ba4d535e262c6cb78caf57ad744f8"},
    {file = "Cython-0.29.24-cp27-cp27m-win_amd64.whl", hash = "sha256:73ac33a4379056a02031baa4def255717fadb9181b5ac2b244792d53eae1c925"},
    {file = "Cython-0.29.24-cp27-cp27mu-manylinux1_i686.whl", hash = "sha256:09ac3087ac7a3d489ebcb3fb8402e00c13d1a3a1c6bc73fd3b0d756a3e341e79"},
    {file = "Cython-0.29.24-cp27-cp27mu-manylinux1_x86_64.whl", hash = "sha256:774cb8fd931ee1ba52c472bc1c19077cd6895c1b24014ae07bb27df59aed5ebe"},
    {file = "Cython-0.29.24-cp34-cp34m-win32.whl", hash = "sha256:5dd56d0be50073f0e54825a8bc3393852de0eed126339ecbca0ae149dba55cfc"},
    {file = "Cython-0.29.24-cp34-cp34m-win_amd64.whl", hash = "sha256:88dc3c250dec280b0489a83950b15809762e27232f4799b1b8d0bad503f5ab84"},
    {file = "Cython-0.29.24-cp35-cp35m-manylinux1_i686.whl", hash = "sha256:5fa12ebafc2f688ea6d26ab6d1d2e634a9872509ba7135b902bb0d8b368fb04b"},
    {file = "Cython-0.29.24-cp35-cp35m-manylinux1_x86_64.whl", hash = "sha256:60c958bcab0ff315b4036a949bed1c65334e1f6a69e17e9966d742febb59043a"},
    {file = "Cython-0.29.24-cp35-cp35m-win32.whl", hash = "sha256:166f9f29cd0058ce1a14a7b3a2458b849ed34b1ec5fd4108af3fdd2c24afcbb0"},
    {file = "Cython-0.29.24-cp35-cp35m-win_amd64.whl", hash = "sha256:76cbca0188d278e93d12ebdaf5990678e6e436485fdfad49dbe9b07717d41a3c"},
    {file = "Cython-0.29.24-cp36-cp36m-macosx_10_9_x86_64.whl", hash = "sha256:f2e9381497b12e8f622af620bde0d1d094035d79b899abb2ddd3a7891f535083"},
    {file = "Cython-0.29.24-cp36-cp36m-manylinux1_i686.whl", hash = "sha256:d8d1a087f35e39384303f5e6b75d465d6f29d746d7138eae9d3b6e8e6f769eae"},
    {file = "Cython-0.29.24-cp36-cp36m-manylinux1_x86_64.whl", hash = "sha256:112efa54a58293a4fb0acf0dd8e5b3736e95b595eee24dd88615648e445abe41"},
    {file = "Cython-0.29.24-cp36-cp36m-manylinux_2_17_aarch64.manylinux2014_aarch64.whl", hash = "sha256:4cf4452f0e4d50e11701bca38f3857fe6fa16593e7fd6a4d5f7be66f611b7da2"},
    {file = "Cython-0.29.24-cp36-cp36m-win32.whl", hash = "sha256:854fe2193d3ad4c8b61932ff54d6dbe10c5fa8749eb8958d72cc0ab28243f833"},
    {file = "Cython-0.29.24-cp36-cp36m-win_amd64.whl", hash = "sha256:84826ec1c11cda56261a252ddecac0c7d6b02e47e81b94f40b27b4c23c29c17c"},
    {file = "Cython-0.29.24-cp37-cp37m-macosx_10_9_x86_64.whl", hash = "sha256:6ade74eece909fd3a437d9a5084829180751d7ade118e281e9824dd75eafaff2"},
    {file = "Cython-0.29.24-cp37-cp37m-manylinux1_i686.whl", hash = "sha256:0a142c6b862e6ed6b02209d543062c038c110585b5e32d1ad7c9717af4f07e41"},
    {file = "Cython-0.29.24-cp37-cp37m-manylinux1_x86_64.whl", hash = "sha256:10cb3def9774fa99e4583617a5616874aed3255dc241fd1f4a3c2978c78e1c53"},
    {file = "Cython-0.29.24-cp37-cp37m-manylinux_2_17_aarch64.manylinux2014_aarch64.whl", hash = "sha256:2f41ef7edd76dd23315925e003f0c58c8585f3ab24be6885c4b3f60e77c82746"},
    {file = "Cython-0.29.24-cp37-cp37m-win32.whl", hash = "sha256:821c2d416ad7d006b069657ee1034c0e0cb45bdbe9ab6ab631e8c495dfcfa4ac"},
    {file = "Cython-0.29.24-cp37-cp37m-win_amd64.whl", hash = "sha256:2d9e61ed1056a3b6a4b9156b62297ad18b357a7948e57a2f49b061217696567e"},
    {file = "Cython-0.29.24-cp38-cp38-macosx_10_9_x86_64.whl", hash = "sha256:55b0ee28c2c8118bfb3ad9b25cf7a6cbd724e442ea96956e32ccd908d5e3e043"},
    {file = "Cython-0.29.24-cp38-cp38-manylinux1_i686.whl", hash = "sha256:eb2843f8cc01c645725e6fc690a84e99cdb266ce8ebe427cf3a680ff09f876aa"},
    {file = "Cython-0.29.24-cp38-cp38-manylinux1_x86_64.whl", hash = "sha256:661dbdea519d9cfb288867252b75fef73ffa8e8bb674cec27acf70646afb369b"},
    {file = "Cython-0.29.24-cp38-cp38-manylinux_2_17_aarch64.manylinux2014_aarch64.whl", hash = "sha256:bc05de569f811be1fcfde6756c9048ae518f0c4b6d9f8f024752c5365d934cac"},
    {file = "Cython-0.29.24-cp38-cp38-win32.whl", hash = "sha256:a102cfa795c6b3b81a29bdb9dbec545367cd7f353c03e6f30a056fdfefd92854"},
    {file = "Cython-0.29.24-cp38-cp38-win_amd64.whl", hash = "sha256:416046a98255eff97ec02077d20ebeaae52682dfca1c35aadf31260442b92514"},
    {file = "Cython-0.29.24-cp39-cp39-macosx_10_9_x86_64.whl", hash = "sha256:ad43e684ade673565f6f9d6638015112f6c7f11aa2a632167b79014f613f0f5f"},
    {file = "Cython-0.29.24-cp39-cp39-manylinux1_i686.whl", hash = "sha256:afb521523cb46ddaa8d269b421f88ea2731fee05e65b952b96d4db760f5a2a1c"},
    {file = "Cython-0.29.24-cp39-cp39-manylinux1_x86_64.whl", hash = "sha256:0d414458cb22f8a90d64260da6dace5d5fcebde43f31be52ca51f818c46db8cb"},
    {file = "Cython-0.29.24-cp39-cp39-manylinux_2_17_aarch64.manylinux2014_aarch64.whl", hash = "sha256:8cb87777e82d1996aef6c146560a19270684271c9c669ba62ac6803b3cd2ff82"},
    {file = "Cython-0.29.24-cp39-cp39-win32.whl", hash = "sha256:91339ee4b465924a3ea4b2a9cec7f7227bc4cadf673ce859d24c2b9ef60b1214"},
    {file = "Cython-0.29.24-cp39-cp39-win_amd64.whl", hash = "sha256:5fb977945a2111f6b64501fdf7ed0ec162cc502b84457fd648d6a558ea8de0d6"},
    {file = "Cython-0.29.24-py2.py3-none-any.whl", hash = "sha256:f96411f0120b5cae483923aaacd2872af8709be4b46522daedc32f051d778385"},
    {file = "Cython-0.29.24.tar.gz", hash = "sha256:cdf04d07c3600860e8c2ebaad4e8f52ac3feb212453c1764a49ac08c827e8443"},
]

[[package]]
name = "dartsclone"
version = "0.9.0"
description = "Python binding of Darts Clone"
category = "main"
optional = false
python-versions = "*"
files = [
    {file = "dartsclone-0.9.0-cp36-cp36m-macosx_10_13_x86_64.whl", hash = "sha256:9d7776a98a29a09f27605b2a38776c098f967065449fabc07b8417bee2ac2695"},
    {file = "dartsclone-0.9.0-cp36-cp36m-manylinux1_i686.whl", hash = "sha256:31526b6be82f2b6dd972802483298c964735044ced874d86a41aaa2767946b05"},
    {file = "dartsclone-0.9.0-cp36-cp36m-manylinux1_x86_64.whl", hash = "sha256:86773da42e67bc88429c5dbfb1bbd730ada89705cd19a22818dbda07022acdc3"},
    {file = "dartsclone-0.9.0-cp36-cp36m-win32.whl", hash = "sha256:fbd6bedaa48d6e2a55bf3c3e2d7e237dc16011c94e095378be4cf38a2d2be6f3"},
    {file = "dartsclone-0.9.0-cp36-cp36m-win_amd64.whl", hash = "sha256:d82d9291f76bf6d884e1856220bf4eb5e2782b442e9862c5eb46cd7a5e78b0d1"},
    {file = "dartsclone-0.9.0-cp37-cp37m-macosx_10_13_x86_64.whl", hash = "sha256:57e94d298109fbeacfbec3ea39cb5be02c1e662d9a026f6bbe629725f4bcf714"},
    {file = "dartsclone-0.9.0-cp37-cp37m-manylinux1_i686.whl", hash = "sha256:ac706d78f83e0ab9281b56136e2c90179b68e444cde48ebe74ddb3462d608499"},
    {file = "dartsclone-0.9.0-cp37-cp37m-manylinux1_x86_64.whl", hash = "sha256:dc23a841448f6382903cf893c99b54713a4ddc362f8af39d62e8b2b8eac94377"},
    {file = "dartsclone-0.9.0-cp37-cp37m-win32.whl", hash = "sha256:5771e089b564fd79edc2f3a21b03474bf4f115a8251d1b185c70110b334cf33b"},
    {file = "dartsclone-0.9.0-cp37-cp37m-win_amd64.whl", hash = "sha256:9ec3051f2d3a94ba0d8edf3798bc14fd905b7dff6dbdc982f32ceba18a767bc4"},
    {file = "dartsclone-0.9.0-cp38-cp38-macosx_10_13_x86_64.whl", hash = "sha256:b967698e94ce991a12ab8e98d02968beeec2bb739de24ffc6a273284abcf83c9"},
    {file = "dartsclone-0.9.0-cp38-cp38-manylinux1_i686.whl", hash = "sha256:eb353030aa25355ccc3bf3b98c97b3ef06263fe5050cb92a62bf50aba2472884"},
    {file = "dartsclone-0.9.0-cp38-cp38-manylinux1_x86_64.whl", hash = "sha256:ee0b39c73cac7c3b25b40c178ee239c53c3ebebac57551535a1d534c1d55fa0b"},
    {file = "dartsclone-0.9.0-cp38-cp38-win32.whl", hash = "sha256:bc29f27e654253d29ed242422c45a6e0cc90d291165cd753ca0d34bdee15b180"},
    {file = "dartsclone-0.9.0-cp38-cp38-win_amd64.whl", hash = "sha256:b1e0cbca0e1865b6b5238580a015cf40077fea31548b0a98152bca8c46dea0e6"},
    {file = "dartsclone-0.9.0.tar.gz", hash = "sha256:311bc24cd13ef9a8c3632bb3e5986f97ca53cf28420501b2cc343859b0c8ce26"},
]

[package.dependencies]
Cython = "*"

[[package]]
name = "decorator"
version = "5.0.9"
description = "Decorators for Humans"
category = "dev"
optional = false
python-versions = ">=3.5"
files = [
    {file = "decorator-5.0.9-py3-none-any.whl", hash = "sha256:6e5c199c16f7a9f0e3a61a4a54b3d27e7dad0dbdde92b944426cb20914376323"},
    {file = "decorator-5.0.9.tar.gz", hash = "sha256:72ecfba4320a893c53f9706bebb2d55c270c1e51a28789361aa93e4a21319ed5"},
]

[[package]]
name = "executing"
version = "1.2.0"
description = "Get the currently executing AST node of a frame, and other information"
category = "dev"
optional = false
python-versions = "*"
files = [
    {file = "executing-1.2.0-py2.py3-none-any.whl", hash = "sha256:0314a69e37426e3608aada02473b4161d4caf5a4b244d1d0c48072b8fee7bacc"},
    {file = "executing-1.2.0.tar.gz", hash = "sha256:19da64c18d2d851112f09c287f8d3dbbdf725ab0e569077efb6cdcbd3497c107"},
]

[package.extras]
tests = ["asttokens", "littleutils", "pytest", "rich"]

[[package]]
name = "fugashi"
version = "1.1.0"
description = "A Cython MeCab wrapper for fast, pythonic Japanese tokenization."
category = "main"
optional = false
python-versions = ">=3.5"
files = [
    {file = "fugashi-1.1.0-cp35-cp35m-macosx_10_14_x86_64.whl", hash = "sha256:542db1bd2fe4e24cb2216694ba99785f363482cb7bdce114fec3294e3a0e62a5"},
    {file = "fugashi-1.1.0-cp35-cp35m-manylinux1_x86_64.whl", hash = "sha256:5a9a86960e9475db2842de4b230df8a8b816e1198b8617226fddc93356df5d9c"},
    {file = "fugashi-1.1.0-cp35-cp35m-win_amd64.whl", hash = "sha256:d4645c9d0daaca8ed235cdea57ca7b704bdd1429dd279c83d9bb6b09aef065d3"},
    {file = "fugashi-1.1.0-cp36-cp36m-macosx_10_14_x86_64.whl", hash = "sha256:1c1f10307f5a907b827e50427b3c0104ddb503b182f8217e79e1af3a07e07f0a"},
    {file = "fugashi-1.1.0-cp36-cp36m-manylinux1_x86_64.whl", hash = "sha256:87da79f8f5fb50e3e8301bbed2235e873691d953946602ed66eb8dd0013138c7"},
    {file = "fugashi-1.1.0-cp36-cp36m-win_amd64.whl", hash = "sha256:06c9e02d01975a0b73e21898be772e29aa00122f5be8871a0daef38b26f29a6e"},
    {file = "fugashi-1.1.0-cp37-cp37m-macosx_10_14_x86_64.whl", hash = "sha256:c3f6842cc7fd23e17cf01553b27bbbd1136435091b1675b69daec51442f1e0b9"},
    {file = "fugashi-1.1.0-cp37-cp37m-manylinux1_x86_64.whl", hash = "sha256:c4093027bf79e714c20c044052d08241fa602c6e7dd1e29b61a21f3804db016e"},
    {file = "fugashi-1.1.0-cp37-cp37m-win_amd64.whl", hash = "sha256:242c4df1f80a124b9a5fd770640a80e4e87efa9b83e357b58c1e706f6419a594"},
    {file = "fugashi-1.1.0-cp38-cp38-macosx_10_14_x86_64.whl", hash = "sha256:525cee8b01044107d4b24e6f733d01060d7c4175460177066d10c4a0a7d879cd"},
    {file = "fugashi-1.1.0-cp38-cp38-manylinux1_x86_64.whl", hash = "sha256:6d9327696c2e513f52c6b62370275e50991bdb453e17e6172d95e538d61b9e04"},
    {file = "fugashi-1.1.0-cp38-cp38-win_amd64.whl", hash = "sha256:a44419e00b751c316855665726c3a346a0ad5831fe3337a92281eace8b1b6c51"},
    {file = "fugashi-1.1.0-cp39-cp39-macosx_10_14_x86_64.whl", hash = "sha256:056edb2273631e6f4eccacc5934f24b717315fd5795d9e27a4535f4867adf4aa"},
    {file = "fugashi-1.1.0-cp39-cp39-manylinux1_x86_64.whl", hash = "sha256:b878903bd368aa34eb632b517bdfa5dfdd13b4c6cf45515c73ad1d014cf68e7f"},
    {file = "fugashi-1.1.0-cp39-cp39-win_amd64.whl", hash = "sha256:59443b7513cc1ada94f9ffe8156de2458372ba447eb28e494805861454a3a9d4"},
    {file = "fugashi-1.1.0.tar.gz", hash = "sha256:073c529f777affadf91b7cd59f8ed6d2a9cdfa728a5aeb54e9b64a48b5114cbd"},
]

[package.dependencies]
unidic-lite = {version = "*", optional = true, markers = "extra == \"unidic-lite\""}

[package.extras]
unidic = ["unidic"]
unidic-lite = ["unidic-lite"]

[[package]]
name = "google-trans-new"
version = "1.1.9"
description = "A free and unlimited python tools for google translate api."
category = "main"
optional = false
python-versions = "*"
files = [
    {file = "google_trans_new-1.1.9-py3-none-any.whl", hash = "sha256:796c20c73ad5f473f126f3b8cbdcaf3fa96e7eabef18e73aac9e4ccc68bb72ed"},
    {file = "google_trans_new-1.1.9.tar.gz", hash = "sha256:9f6643420334cc1b94ebd84e03774736e76c0564208efb1bc9c5019b9820e19b"},
]

[[package]]
name = "googletrans"
version = "3.1.0a0"
description = "Free Google Translate API for Python. Translates totally free of charge."
category = "main"
optional = false
python-versions = ">=3.6"
files = [
    {file = "googletrans-3.1.0a0.tar.gz", hash = "sha256:d20373a7975791318a7e5d6c6e3205012d7a990b8fabbfc6b0c16017a6dfae04"},
]

[package.dependencies]
httpx = "0.13.3"

[[package]]
name = "h11"
version = "0.9.0"
description = "A pure-Python, bring-your-own-I/O implementation of HTTP/1.1"
category = "main"
optional = false
python-versions = "*"
files = [
    {file = "h11-0.9.0-py2.py3-none-any.whl", hash = "sha256:4bc6d6a1238b7615b266ada57e0618568066f57dd6fa967d1290ec9309b2f2f1"},
    {file = "h11-0.9.0.tar.gz", hash = "sha256:33d4bca7be0fa039f4e84d50ab00531047e53d6ee8ffbc83501ea602c169cae1"},
]

[[package]]
name = "h2"
version = "3.2.0"
description = "HTTP/2 State-Machine based protocol implementation"
category = "main"
optional = false
python-versions = "*"
files = [
    {file = "h2-3.2.0-py2.py3-none-any.whl", hash = "sha256:61e0f6601fa709f35cdb730863b4e5ec7ad449792add80d1410d4174ed139af5"},
    {file = "h2-3.2.0.tar.gz", hash = "sha256:875f41ebd6f2c44781259005b157faed1a5031df3ae5aa7bcb4628a6c0782f14"},
]

[package.dependencies]
hpack = ">=3.0,<4"
hyperframe = ">=5.2.0,<6"

[[package]]
name = "hpack"
version = "3.0.0"
description = "Pure-Python HPACK header compression"
category = "main"
optional = false
python-versions = "*"
files = [
    {file = "hpack-3.0.0-py2.py3-none-any.whl", hash = "sha256:0edd79eda27a53ba5be2dfabf3b15780928a0dff6eb0c60a3d6767720e970c89"},
    {file = "hpack-3.0.0.tar.gz", hash = "sha256:8eec9c1f4bfae3408a3f30500261f7e6a65912dc138526ea054f9ad98892e9d2"},
]

[[package]]
name = "hstspreload"
version = "2021.7.5"
description = "Chromium HSTS Preload list as a Python package"
category = "main"
optional = false
python-versions = ">=3.6"
files = [
    {file = "hstspreload-2021.7.5-py3-none-any.whl", hash = "sha256:59fcb43897c2d63666a7e7cac2b2cb423e2c97e39fcf565c7ed814920e02bd8e"},
    {file = "hstspreload-2021.7.5.tar.gz", hash = "sha256:ad5c82b2d6246dda4ca21d477fd9c009a88eb6bdf69456acf241f077d7e35d81"},
]

[[package]]
name = "httpcore"
version = "0.9.1"
description = "A minimal low-level HTTP client."
category = "main"
optional = false
python-versions = ">=3.6"
files = [
    {file = "httpcore-0.9.1-py3-none-any.whl", hash = "sha256:9850fe97a166a794d7e920590d5ec49a05488884c9fc8b5dba8561effab0c2a0"},
    {file = "httpcore-0.9.1.tar.gz", hash = "sha256:ecc5949310d9dae4de64648a4ce529f86df1f232ce23dcfefe737c24d21dfbe9"},
]

[package.dependencies]
h11 = ">=0.8,<0.10"
h2 = ">=3.0.0,<4.0.0"
sniffio = ">=1.0.0,<2.0.0"

[[package]]
name = "httpx"
version = "0.13.3"
description = "The next generation HTTP client."
category = "main"
optional = false
python-versions = ">=3.6"
files = [
    {file = "httpx-0.13.3-py3-none-any.whl", hash = "sha256:32d930858eab677bc29a742aaa4f096de259f1c78c68a90ad11f5c3c04f08335"},
    {file = "httpx-0.13.3.tar.gz", hash = "sha256:3642bd13e90b80ba8a243a730275eb10a4c26ec96f5fc16b87e458d4ab21efae"},
]

[package.dependencies]
certifi = "*"
chardet = ">=3.0.0,<4.0.0"
hstspreload = "*"
httpcore = ">=0.9.0,<0.10.0"
idna = ">=2.0.0,<3.0.0"
rfc3986 = ">=1.3,<2"
sniffio = "*"

[[package]]
name = "hyperframe"
version = "5.2.0"
description = "HTTP/2 framing layer for Python"
category = "main"
optional = false
python-versions = "*"
files = [
    {file = "hyperframe-5.2.0-py2.py3-none-any.whl", hash = "sha256:5187962cb16dcc078f23cb5a4b110098d546c3f41ff2d4038a9896893bbd0b40"},
    {file = "hyperframe-5.2.0.tar.gz", hash = "sha256:a9f5c17f2cc3c719b917c4f33ed1c61bd1f8dfac4b1bd23b7c80b3400971b41f"},
]

[[package]]
name = "idna"
version = "2.10"
description = "Internationalized Domain Names in Applications (IDNA)"
category = "main"
optional = false
python-versions = ">=2.7, !=3.0.*, !=3.1.*, !=3.2.*, !=3.3.*"
files = [
    {file = "idna-2.10-py2.py3-none-any.whl", hash = "sha256:b97d804b1e9b523befed77c48dacec60e6dcb0b5391d57af6a65a312a90648c0"},
    {file = "idna-2.10.tar.gz", hash = "sha256:b307872f855b18632ce0c21c5e45be78c0ea7ae4c15c828c20788b26921eb3f6"},
]

[[package]]
name = "ipython"
version = "8.10.0"
description = "IPython: Productive Interactive Computing"
category = "dev"
optional = false
python-versions = ">=3.8"
files = [
    {file = "ipython-8.10.0-py3-none-any.whl", hash = "sha256:b38c31e8fc7eff642fc7c597061fff462537cf2314e3225a19c906b7b0d8a345"},
    {file = "ipython-8.10.0.tar.gz", hash = "sha256:b13a1d6c1f5818bd388db53b7107d17454129a70de2b87481d555daede5eb49e"},
]

[package.dependencies]
appnope = {version = "*", markers = "sys_platform == \"darwin\""}
backcall = "*"
colorama = {version = "*", markers = "sys_platform == \"win32\""}
decorator = "*"
jedi = ">=0.16"
matplotlib-inline = "*"
pexpect = {version = ">4.3", markers = "sys_platform != \"win32\""}
pickleshare = "*"
prompt-toolkit = ">=3.0.30,<3.1.0"
pygments = ">=2.4.0"
stack-data = "*"
traitlets = ">=5"

[package.extras]
all = ["black", "curio", "docrepr", "ipykernel", "ipyparallel", "ipywidgets", "matplotlib", "matplotlib (!=3.2.0)", "nbconvert", "nbformat", "notebook", "numpy (>=1.21)", "pandas", "pytest (<7)", "pytest (<7.1)", "pytest-asyncio", "qtconsole", "setuptools (>=18.5)", "sphinx (>=1.3)", "sphinx-rtd-theme", "stack-data", "testpath", "trio", "typing-extensions"]
black = ["black"]
doc = ["docrepr", "ipykernel", "matplotlib", "pytest (<7)", "pytest (<7.1)", "pytest-asyncio", "setuptools (>=18.5)", "sphinx (>=1.3)", "sphinx-rtd-theme", "stack-data", "testpath", "typing-extensions"]
kernel = ["ipykernel"]
nbconvert = ["nbconvert"]
nbformat = ["nbformat"]
notebook = ["ipywidgets", "notebook"]
parallel = ["ipyparallel"]
qtconsole = ["qtconsole"]
test = ["pytest (<7.1)", "pytest-asyncio", "testpath"]
test-extra = ["curio", "matplotlib (!=3.2.0)", "nbformat", "numpy (>=1.21)", "pandas", "pytest (<7.1)", "pytest-asyncio", "testpath", "trio"]

[[package]]
name = "ipython-genutils"
version = "0.2.0"
description = "Vestigial utilities from IPython"
category = "dev"
optional = false
python-versions = "*"
files = [
    {file = "ipython_genutils-0.2.0-py2.py3-none-any.whl", hash = "sha256:72dd37233799e619666c9f639a9da83c34013a73e8bbc79a7a6348d93c61fab8"},
    {file = "ipython_genutils-0.2.0.tar.gz", hash = "sha256:eb2e116e75ecef9d4d228fdc66af54269afa26ab4463042e33785b887c628ba8"},
]

[[package]]
name = "jaconv"
version = "0.2.4"
description = "Pure-Python Japanese character interconverter for Hiragana, Katakana, Hankaku and Zenkaku"
category = "main"
optional = false
python-versions = "*"
files = [
    {file = "jaconv-0.2.4.tar.gz", hash = "sha256:2ccdf768da20d55f30e8801e5e2e27783aae1bb29b890e503e1124134d6d09c9"},
]

[[package]]
name = "jamdict"
version = "0.1a11"
description = "Python library for using Japanese dictionaries and resources (Jim Breen's JMdict, KanjiDic2, KRADFILE, JMnedict)"
category = "main"
optional = false
python-versions = ">=3.6"
files = [
    {file = "jamdict-0.1a11.tar.gz", hash = "sha256:5a5669b7d6d003eb0485a7d55ae04ee2842544bcd3afc2e25f62dcad983a4291"},
]

[package.dependencies]
chirptext = ">=0.1,<=0.2"
puchikarui = ">=0.1,<0.3"

[[package]]
name = "japaneseverbconjugator"
version = "1.0.1"
description = "Japanese verb Conjugator"
category = "main"
optional = false
python-versions = "*"
files = [
    {file = "JapaneseVerbConjugator-1.0.1-py3-none-any.whl", hash = "sha256:b86aaaa9ba1fc61ff67a4f09e51b9218f13f2b5a9cc0dbd7b6bfe2452da89979"},
    {file = "JapaneseVerbConjugator-1.0.1.tar.gz", hash = "sha256:fbda9bb378692fb0b28fb8689f4a5ce104901756ac54749c61c6e2806b31ae00"},
]

[package.dependencies]
romkan = "*"

[[package]]
name = "jedi"
version = "0.18.0"
description = "An autocompletion tool for Python that can be used for text editors."
category = "dev"
optional = false
python-versions = ">=3.6"
files = [
    {file = "jedi-0.18.0-py2.py3-none-any.whl", hash = "sha256:18456d83f65f400ab0c2d3319e48520420ef43b23a086fdc05dff34132f0fb93"},
    {file = "jedi-0.18.0.tar.gz", hash = "sha256:92550a404bad8afed881a137ec9a461fed49eca661414be45059329614ed0707"},
]

[package.dependencies]
parso = ">=0.8.0,<0.9.0"

[package.extras]
qa = ["flake8 (==3.8.3)", "mypy (==0.782)"]
testing = ["Django (<3.1)", "colorama", "docopt", "pytest (<6.0.0)"]

[[package]]
name = "matplotlib-inline"
version = "0.1.2"
description = "Inline Matplotlib backend for Jupyter"
category = "dev"
optional = false
python-versions = ">=3.5"
files = [
    {file = "matplotlib-inline-0.1.2.tar.gz", hash = "sha256:f41d5ff73c9f5385775d5c0bc13b424535c8402fe70ea8210f93e11f3683993e"},
    {file = "matplotlib_inline-0.1.2-py3-none-any.whl", hash = "sha256:5cf1176f554abb4fa98cb362aa2b55c500147e4bdbb07e3fda359143e1da0811"},
]

[package.dependencies]
traitlets = "*"

[[package]]
name = "mecab-python3"
version = "0.996.5"
description = "Python wrapper for the MeCab morphological analyzer for Japanese"
category = "main"
optional = false
python-versions = "*"
files = [
    {file = "mecab-python3-0.996.5.tar.gz", hash = "sha256:e7f09caf136903ce908b8b001ffc178d6caa129c1550d47d8f7f733a213749a8"},
    {file = "mecab_python3-0.996.5-cp27-cp27m-macosx_10_9_x86_64.whl", hash = "sha256:2d066afe09a95716facf60a673f538257f595a282beb1e021d1b495f995ee70e"},
    {file = "mecab_python3-0.996.5-cp27-cp27m-manylinux1_i686.whl", hash = "sha256:4fb35dd2486b3d8b1868cfa8e1772e195c26a90b02f2509e4b61e11fd846b442"},
    {file = "mecab_python3-0.996.5-cp27-cp27m-manylinux1_x86_64.whl", hash = "sha256:52e5eb828d42f4cdd41eb3e689d6130d06a3576fee067e04c40566c7ce09ba1b"},
    {file = "mecab_python3-0.996.5-cp27-cp27m-manylinux2010_i686.whl", hash = "sha256:3187479c79151f384f44c0d12a87305bfab94bef90183bd6db0bcd44c2c3374b"},
    {file = "mecab_python3-0.996.5-cp27-cp27m-manylinux2010_x86_64.whl", hash = "sha256:304ee365de78cf9c48373122bb68a5f2c2cb60c9d058a690b3cdaf1059d4c91c"},
    {file = "mecab_python3-0.996.5-cp27-cp27mu-manylinux1_i686.whl", hash = "sha256:730898c5e55f6a5f894251603afd44ebfdbe7ddec00113c233ef1b9c91b8690a"},
    {file = "mecab_python3-0.996.5-cp27-cp27mu-manylinux1_x86_64.whl", hash = "sha256:429c92effeb46336e994b2d4b29a8b9e57ff947df55fd5b8042315fdb50d573a"},
    {file = "mecab_python3-0.996.5-cp27-cp27mu-manylinux2010_i686.whl", hash = "sha256:e2118906bbdfd17d002c4eab649a71c9635de175728933c2a226fd8533d13ff7"},
    {file = "mecab_python3-0.996.5-cp27-cp27mu-manylinux2010_x86_64.whl", hash = "sha256:5864b6e55796e982fba8a8bb073f97893cbe2c55481692d83e6bd1ad60125585"},
    {file = "mecab_python3-0.996.5-cp35-cp35m-manylinux1_i686.whl", hash = "sha256:bd8bce5251153199acb3aff72d22954801ef3c46a37b4ee17de5e32c37388f58"},
    {file = "mecab_python3-0.996.5-cp35-cp35m-manylinux1_x86_64.whl", hash = "sha256:0758c4e428c9eda01b14f2e93b4b48055264c4044c43992a8421bfd2a27d9ae0"},
    {file = "mecab_python3-0.996.5-cp35-cp35m-manylinux2010_i686.whl", hash = "sha256:4732677c74dae291587d930d307bfd92776a198cbb1ea2836ede652180c9dbd1"},
    {file = "mecab_python3-0.996.5-cp35-cp35m-manylinux2010_x86_64.whl", hash = "sha256:b80cb1af8b7c3e8d5e88fd7b5511e8ad630717f81e9117685613b10216c0f648"},
    {file = "mecab_python3-0.996.5-cp36-cp36m-macosx_10_9_x86_64.whl", hash = "sha256:b33f212afff92fc292a8b20ab82d2fbc9a4d2f6fbe6dd96e9104ef3cf1150944"},
    {file = "mecab_python3-0.996.5-cp36-cp36m-manylinux1_i686.whl", hash = "sha256:52aa68cb5bbf993d3862feb9c477f230ed27c4cfc8e3fa3388419561cd02ffcb"},
    {file = "mecab_python3-0.996.5-cp36-cp36m-manylinux1_x86_64.whl", hash = "sha256:6ddf32a2e0bda7628f0f57ded67be4601a31ffbca6524e328bec3ef098abff10"},
    {file = "mecab_python3-0.996.5-cp36-cp36m-manylinux2010_i686.whl", hash = "sha256:92019635b0686a6aa30f4d908155696077abe8848203e102ae7befab0b96b9ea"},
    {file = "mecab_python3-0.996.5-cp36-cp36m-manylinux2010_x86_64.whl", hash = "sha256:0e309f7f55c608b66c5dbd9a1e62f2686e9ff0923a5f1c28406985c4d8a80549"},
    {file = "mecab_python3-0.996.5-cp37-cp37m-macosx_10_9_x86_64.whl", hash = "sha256:32864543977281dcbb52f54e42d9fd060c9d869874d49806bbee5a0ff689e665"},
    {file = "mecab_python3-0.996.5-cp37-cp37m-manylinux1_i686.whl", hash = "sha256:e07f3ff74185d286a138258b7d7f01877ddad2338c8177bd579a580f0c589abc"},
    {file = "mecab_python3-0.996.5-cp37-cp37m-manylinux1_x86_64.whl", hash = "sha256:8d13b2732b3951a0defaa56acd628d1d83f123fdafee4f40701e001a66717a85"},
    {file = "mecab_python3-0.996.5-cp37-cp37m-manylinux2010_i686.whl", hash = "sha256:47ba0cf7b5b03137ba7b3998a6fe82da1407ac577016df10b6da7f1979dfb0ca"},
    {file = "mecab_python3-0.996.5-cp37-cp37m-manylinux2010_x86_64.whl", hash = "sha256:9af5050a093172123be6eedf65f263fb936885c5c200b1808cb1d2f15a59e871"},
    {file = "mecab_python3-0.996.5-cp38-cp38-macosx_10_9_x86_64.whl", hash = "sha256:ec6e3872b716eff99a0b3cad1079eeb16a5efdcf6dd48727e3372345a0d0d124"},
    {file = "mecab_python3-0.996.5-cp38-cp38-manylinux1_i686.whl", hash = "sha256:1bfe39e3c6a5be7bf54d36fcc14c5938fc831960507f9d7337cd2cc0e8de07d3"},
    {file = "mecab_python3-0.996.5-cp38-cp38-manylinux1_x86_64.whl", hash = "sha256:3f2a591460f28faf27318961c49e70b9e464a283c8184a677bdddc70aa8835b6"},
    {file = "mecab_python3-0.996.5-cp38-cp38-manylinux2010_i686.whl", hash = "sha256:f256a1dec3d6bea8cf9b6fd77b345903acf978c07c592c0dc470d20398693da8"},
    {file = "mecab_python3-0.996.5-cp38-cp38-manylinux2010_x86_64.whl", hash = "sha256:1af08a46774ac219bf93cc0c52d87d5cbcce9f4c3abba6b14c374f81ebc718c5"},
]

[[package]]
name = "parso"
version = "0.8.2"
description = "A Python Parser"
category = "dev"
optional = false
python-versions = ">=3.6"
files = [
    {file = "parso-0.8.2-py2.py3-none-any.whl", hash = "sha256:a8c4922db71e4fdb90e0d0bc6e50f9b273d3397925e5e60a717e719201778d22"},
    {file = "parso-0.8.2.tar.gz", hash = "sha256:12b83492c6239ce32ff5eed6d3639d6a536170723c6f3f1506869f1ace413398"},
]

[package.extras]
qa = ["flake8 (==3.8.3)", "mypy (==0.782)"]
testing = ["docopt", "pytest (<6.0.0)"]

[[package]]
name = "pexpect"
version = "4.8.0"
description = "Pexpect allows easy control of interactive console applications."
category = "dev"
optional = false
python-versions = "*"
files = [
    {file = "pexpect-4.8.0-py2.py3-none-any.whl", hash = "sha256:0b48a55dcb3c05f3329815901ea4fc1537514d6ba867a152b581d69ae3710937"},
    {file = "pexpect-4.8.0.tar.gz", hash = "sha256:fc65a43959d153d0114afe13997d439c22823a27cefceb5ff35c2178c6784c0c"},
]

[package.dependencies]
ptyprocess = ">=0.5"

[[package]]
name = "pickleshare"
version = "0.7.5"
description = "Tiny 'shelve'-like database with concurrency support"
category = "dev"
optional = false
python-versions = "*"
files = [
    {file = "pickleshare-0.7.5-py2.py3-none-any.whl", hash = "sha256:9649af414d74d4df115d5d718f82acb59c9d418196b7b4290ed47a12ce62df56"},
    {file = "pickleshare-0.7.5.tar.gz", hash = "sha256:87683d47965c1da65cdacaf31c8441d12b8044cdec9aca500cd78fc2c683afca"},
]

[[package]]
name = "prompt-toolkit"
version = "3.0.36"
description = "Library for building powerful interactive command lines in Python"
category = "dev"
optional = false
python-versions = ">=3.6.2"
files = [
    {file = "prompt_toolkit-3.0.36-py3-none-any.whl", hash = "sha256:aa64ad242a462c5ff0363a7b9cfe696c20d55d9fc60c11fd8e632d064804d305"},
    {file = "prompt_toolkit-3.0.36.tar.gz", hash = "sha256:3e163f254bef5a03b146397d7c1963bd3e2812f0964bb9a24e6ec761fd28db63"},
]

[package.dependencies]
wcwidth = "*"

[[package]]
name = "ptyprocess"
version = "0.7.0"
description = "Run a subprocess in a pseudo terminal"
category = "dev"
optional = false
python-versions = "*"
files = [
    {file = "ptyprocess-0.7.0-py2.py3-none-any.whl", hash = "sha256:4b41f3967fce3af57cc7e94b888626c18bf37a083e3651ca8feeb66d492fef35"},
    {file = "ptyprocess-0.7.0.tar.gz", hash = "sha256:5c5d0a3b48ceee0b48485e0c26037c0acd7d29765ca3fbb5cb3831d347423220"},
]

[[package]]
name = "puchikarui"
version = "0.1"
description = "A minimalist SQLite wrapper library for Python which supports ORM features."
category = "main"
optional = false
python-versions = "*"
files = [
    {file = "puchikarui-0.1.tar.gz", hash = "sha256:8ebe96e8683eac82624eb90dd517e26421e467637b3a1fe1ef5275ba2dacddc8"},
]

[[package]]
name = "pure-eval"
version = "0.2.2"
description = "Safely evaluate AST nodes without side effects"
category = "dev"
optional = false
python-versions = "*"
files = [
    {file = "pure_eval-0.2.2-py3-none-any.whl", hash = "sha256:01eaab343580944bc56080ebe0a674b39ec44a945e6d09ba7db3cb8cec289350"},
    {file = "pure_eval-0.2.2.tar.gz", hash = "sha256:2b45320af6dfaa1750f543d714b6d1c520a1688dec6fd24d339063ce0aaa9ac3"},
]

[package.extras]
tests = ["pytest"]

[[package]]
name = "pygments"
version = "2.9.0"
description = "Pygments is a syntax highlighting package written in Python."
category = "dev"
optional = false
python-versions = ">=3.5"
files = [
    {file = "Pygments-2.9.0-py3-none-any.whl", hash = "sha256:d66e804411278594d764fc69ec36ec13d9ae9147193a1740cd34d272ca383b8e"},
    {file = "Pygments-2.9.0.tar.gz", hash = "sha256:a18f47b506a429f6f4b9df81bb02beab9ca21d0a5fee38ed15aef65f0545519f"},
]

[[package]]
name = "requests"
version = "2.26.0"
description = "Python HTTP for Humans."
category = "main"
optional = false
python-versions = ">=2.7, !=3.0.*, !=3.1.*, !=3.2.*, !=3.3.*, !=3.4.*, !=3.5.*"
files = [
    {file = "requests-2.26.0-py2.py3-none-any.whl", hash = "sha256:6c1246513ecd5ecd4528a0906f910e8f0f9c6b8ec72030dc9fd154dc1a6efd24"},
    {file = "requests-2.26.0.tar.gz", hash = "sha256:b8aa58f8cf793ffd8782d3d8cb19e66ef36f7aba4353eec859e74678b01b07a7"},
]

[package.dependencies]
certifi = ">=2017.4.17"
charset-normalizer = {version = ">=2.0.0,<2.1.0", markers = "python_version >= \"3\""}
idna = {version = ">=2.5,<4", markers = "python_version >= \"3\""}
urllib3 = ">=1.21.1,<1.27"

[package.extras]
socks = ["PySocks (>=1.5.6,!=1.5.7)", "win-inet-pton"]
use-chardet-on-py3 = ["chardet (>=3.0.2,<5)"]

[[package]]
name = "rfc3986"
version = "1.5.0"
description = "Validating URI References per RFC 3986"
category = "main"
optional = false
python-versions = "*"
files = [
    {file = "rfc3986-1.5.0-py2.py3-none-any.whl", hash = "sha256:a86d6e1f5b1dc238b218b012df0aa79409667bb209e58da56d0b94704e712a97"},
    {file = "rfc3986-1.5.0.tar.gz", hash = "sha256:270aaf10d87d0d4e095063c65bf3ddbc6ee3d0b226328ce21e036f946e421835"},
]

[package.extras]
idna2008 = ["idna"]

[[package]]
name = "romkan"
version = "0.2.1"
description = "A Romaji/Kana conversion library"
category = "main"
optional = false
python-versions = "*"
files = [
    {file = "romkan-0.2.1.tar.gz", hash = "sha256:a530245a38969704700e0ca8f9cb7158c4ede91c5fd1e24677dbe814cf91f33b"},
]

[[package]]
name = "six"
version = "1.16.0"
description = "Python 2 and 3 compatibility utilities"
category = "dev"
optional = false
python-versions = ">=2.7, !=3.0.*, !=3.1.*, !=3.2.*"
files = [
    {file = "six-1.16.0-py2.py3-none-any.whl", hash = "sha256:8abb2f1d86890a2dfb989f9a77cfcfd3e47c2a354b01111771326f8aa26e0254"},
    {file = "six-1.16.0.tar.gz", hash = "sha256:1e61c37477a1626458e36f7b1d82aa5c9b094fa4802892072e49de9c60c4c926"},
]

[[package]]
name = "sniffio"
version = "1.2.0"
description = "Sniff out which async library your code is running under"
category = "main"
optional = false
python-versions = ">=3.5"
files = [
    {file = "sniffio-1.2.0-py3-none-any.whl", hash = "sha256:471b71698eac1c2112a40ce2752bb2f4a4814c22a54a3eed3676bc0f5ca9f663"},
    {file = "sniffio-1.2.0.tar.gz", hash = "sha256:c4666eecec1d3f50960c6bdf61ab7bc350648da6c126e3cf6898d8cd4ddcd3de"},
]

[[package]]
name = "sortedcontainers"
version = "2.1.0"
description = "Sorted Containers -- Sorted List, Sorted Dict, Sorted Set"
category = "main"
optional = false
python-versions = "*"
files = [
    {file = "sortedcontainers-2.1.0-py2.py3-none-any.whl", hash = "sha256:d9e96492dd51fae31e60837736b38fe42a187b5404c16606ff7ee7cd582d4c60"},
    {file = "sortedcontainers-2.1.0.tar.gz", hash = "sha256:974e9a32f56b17c1bac2aebd9dcf197f3eb9cd30553c5852a3187ad162e1a03a"},
]

[[package]]
name = "stack-data"
version = "0.6.2"
description = "Extract data from python stack frames and tracebacks for informative displays"
category = "dev"
optional = false
python-versions = "*"
files = [
    {file = "stack_data-0.6.2-py3-none-any.whl", hash = "sha256:cbb2a53eb64e5785878201a97ed7c7b94883f48b87bfb0bbe8b623c74679e4a8"},
    {file = "stack_data-0.6.2.tar.gz", hash = "sha256:32d2dd0376772d01b6cb9fc996f3c8b57a357089dec328ed4b6553d037eaf815"},
]

[package.dependencies]
asttokens = ">=2.1.0"
executing = ">=1.2.0"
pure-eval = "*"

[package.extras]
tests = ["cython", "littleutils", "pygments", "pytest", "typeguard"]

[[package]]
name = "sudachidict-core"
version = "20200330.post1"
description = "Sudachi Dictionary for SudachiPy - Core Edition"
category = "main"
optional = false
python-versions = "*"
files = [
    {file = "SudachiDict-core-20200330.post1.tar.gz", hash = "sha256:87e8961d2ae62d3766c266a2390cd1a5a8a5658d982aace9c1b346b89feaa29d"},
]

[package.dependencies]
SudachiPy = ">=0.4.4,<0.5.0"

[[package]]
name = "sudachidict-full"
version = "20200722.post1"
description = "Sudachi Dictionary for SudachiPy - Full Edition"
category = "main"
optional = false
python-versions = "*"
files = [
    {file = "SudachiDict-full-20200722.post1.tar.gz", hash = "sha256:6923b80b39d56a6096003a59f7e860b22a9b7f9e21097513876b55feaf823bda"},
]

[package.dependencies]
SudachiPy = ">=0.4.4,<0.5.0"

[[package]]
name = "sudachipy"
version = "0.4.9"
description = "Python version of Sudachi, the Japanese Morphological Analyzer"
category = "main"
optional = false
python-versions = "*"
files = [
    {file = "SudachiPy-0.4.9-cp36-cp36m-macosx_10_14_x86_64.whl", hash = "sha256:fc67119e3d6bcafc3fb34e58a86dae1b7479034ddb904b03693f389ebc7b68ce"},
    {file = "SudachiPy-0.4.9-cp36-cp36m-win32.whl", hash = "sha256:9d1555885efa46cd74959243d9364def7da2e6ae82cd40743992241f9600153a"},
    {file = "SudachiPy-0.4.9-cp36-cp36m-win_amd64.whl", hash = "sha256:10b2e47f42c56e09ad1caa680cae33fedb6603f95d8104c3039cb6c6d8607f02"},
    {file = "SudachiPy-0.4.9-cp37-cp37m-macosx_10_14_x86_64.whl", hash = "sha256:8d585728c4a54cc5340ccc0a8d0b44c4db3f5964bceeef85a08b603f93a9b083"},
    {file = "SudachiPy-0.4.9-cp37-cp37m-win32.whl", hash = "sha256:f76d60cf7f8c1b007744f269d79d7e4fa34429952866e153ac8203c31e396a64"},
    {file = "SudachiPy-0.4.9-cp37-cp37m-win_amd64.whl", hash = "sha256:eea86f49d4996f5ac3f9cdd2f877eb71a890e2f06f0a248d3f16e3aff528005d"},
    {file = "SudachiPy-0.4.9-cp38-cp38-macosx_10_14_x86_64.whl", hash = "sha256:a13669e2e52e9aa3c54f4f3b00dd46380d6749b6e5320fd15d974bbb330c7f8a"},
    {file = "SudachiPy-0.4.9-cp38-cp38-win32.whl", hash = "sha256:103c4ef459b2d12f09330e520ec38aa9375cfcdef5177b7b2542756578cc6f4b"},
    {file = "SudachiPy-0.4.9-cp38-cp38-win_amd64.whl", hash = "sha256:60a5e712ff00f9decc9d956179a92059fcfe0ecbffb33ba6ad1c232b613ac92d"},
    {file = "SudachiPy-0.4.9.tar.gz", hash = "sha256:4d724ce8a5b96f53a348744d5b90477a0b25b18f7cad2e908c7100701425bb94"},
]

[package.dependencies]
dartsclone = ">=0.9.0,<0.10.0"
sortedcontainers = ">=2.1.0,<2.2.0"

[[package]]
name = "traitlets"
version = "5.0.5"
description = "Traitlets Python configuration system"
category = "dev"
optional = false
python-versions = ">=3.7"
files = [
    {file = "traitlets-5.0.5-py3-none-any.whl", hash = "sha256:69ff3f9d5351f31a7ad80443c2674b7099df13cc41fc5fa6e2f6d3b0330b0426"},
    {file = "traitlets-5.0.5.tar.gz", hash = "sha256:178f4ce988f69189f7e523337a3e11d91c786ded9360174a3d9ca83e79bc5396"},
]

[package.dependencies]
ipython-genutils = "*"

[package.extras]
test = ["pytest"]

[[package]]
name = "unidic-lite"
version = "1.0.8"
description = "A small version of UniDic packaged for Python"
category = "main"
optional = false
python-versions = "*"
files = [
    {file = "unidic-lite-1.0.8.tar.gz", hash = "sha256:db9d4572d9fdd4d00a97949d4b0741ec480ee05a7e7e2e32f547500dae27b245"},
]

[[package]]
name = "urllib3"
version = "1.26.6"
description = "HTTP library with thread-safe connection pooling, file post, and more."
category = "main"
optional = false
python-versions = ">=2.7, !=3.0.*, !=3.1.*, !=3.2.*, !=3.3.*, !=3.4.*, <4"
files = [
    {file = "urllib3-1.26.6-py2.py3-none-any.whl", hash = "sha256:39fb8672126159acb139a7718dd10806104dec1e2f0f6c88aab05d17df10c8d4"},
    {file = "urllib3-1.26.6.tar.gz", hash = "sha256:f57b4c16c62fa2760b7e3d97c35b255512fb6b59a259730f36ba32ce9f8e342f"},
]

[package.extras]
brotli = ["brotlipy (>=0.6.0)"]
secure = ["certifi", "cryptography (>=1.3.4)", "idna (>=2.0.0)", "ipaddress", "pyOpenSSL (>=0.14)"]
socks = ["PySocks (>=1.5.6,!=1.5.7,<2.0)"]

[[package]]
name = "wcwidth"
version = "0.2.5"
description = "Measures the displayed width of unicode strings in a terminal"
category = "dev"
optional = false
python-versions = "*"
files = [
    {file = "wcwidth-0.2.5-py2.py3-none-any.whl", hash = "sha256:beb4802a9cebb9144e99086eff703a642a13d6a0052920003a230f3294bbe784"},
    {file = "wcwidth-0.2.5.tar.gz", hash = "sha256:c4d647b99872929fdb7bdcaa4fbe7f01413ed3d98077df798530e5b04f116c83"},
]

[metadata]
lock-version = "2.0"
python-versions = "^3.8"
content-hash = "eed2d0ed9f97be80df55123317deac8b3e53a18471360bb861f663febe32d5b0"
